// !$*UTF8*$!
{
	archiveVersion = 1;
	classes = {
	};
	objectVersion = 46;
	objects = {

/* Begin PBXBuildFile section */
		CC554C631E7228310028FB65 /* AppDelegate.swift in Sources */ = {isa = PBXBuildFile; fileRef = CC554C621E7228310028FB65 /* AppDelegate.swift */; };
		CC554C651E7228310028FB65 /* ViewController.swift in Sources */ = {isa = PBXBuildFile; fileRef = CC554C641E7228310028FB65 /* ViewController.swift */; };
		CC554C681E7228310028FB65 /* Main.storyboard in Resources */ = {isa = PBXBuildFile; fileRef = CC554C661E7228310028FB65 /* Main.storyboard */; };
		CC554C6A1E7228310028FB65 /* Assets.xcassets in Resources */ = {isa = PBXBuildFile; fileRef = CC554C691E7228310028FB65 /* Assets.xcassets */; };
		CC554C6D1E7228310028FB65 /* LaunchScreen.storyboard in Resources */ = {isa = PBXBuildFile; fileRef = CC554C6B1E7228310028FB65 /* LaunchScreen.storyboard */; };
/* End PBXBuildFile section */

/* Begin PBXFileReference section */
		CC554C5F1E7228310028FB65 /* ButtonExample.app */ = {isa = PBXFileReference; explicitFileType = wrapper.application; includeInIndex = 0; path = ButtonExample.app; sourceTree = BUILT_PRODUCTS_DIR; };
		CC554C621E7228310028FB65 /* AppDelegate.swift */ = {isa = PBXFileReference; lastKnownFileType = sourcecode.swift; path = AppDelegate.swift; sourceTree = "<group>"; };
		CC554C641E7228310028FB65 /* ViewController.swift */ = {isa = PBXFileReference; lastKnownFileType = sourcecode.swift; path = ViewController.swift; sourceTree = "<group>"; };
		CC554C671E7228310028FB65 /* Base */ = {isa = PBXFileReference; lastKnownFileType = file.storyboard; name = Base; path = Base.lproj/Main.storyboard; sourceTree = "<group>"; };
		CC554C691E7228310028FB65 /* Assets.xcassets */ = {isa = PBXFileReference; lastKnownFileType = folder.assetcatalog; path = Assets.xcassets; sourceTree = "<group>"; };
		CC554C6C1E7228310028FB65 /* Base */ = {isa = PBXFileReference; lastKnownFileType = file.storyboard; name = Base; path = Base.lproj/LaunchScreen.storyboard; sourceTree = "<group>"; };
		CC554C6E1E7228310028FB65 /* Info.plist */ = {isa = PBXFileReference; lastKnownFileType = text.plist.xml; path = Info.plist; sourceTree = "<group>"; };
/* End PBXFileReference section */

/* Begin PBXFrameworksBuildPhase section */
		CC554C5C1E7228310028FB65 /* Frameworks */ = {
			isa = PBXFrameworksBuildPhase;
			buildActionMask = 2147483647;
			files = (
			);
			runOnlyForDeploymentPostprocessing = 0;
		};
/* End PBXFrameworksBuildPhase section */

/* Begin PBXGroup section */
		CC554C561E7228310028FB65 = {
			isa = PBXGroup;
			children = (
				CC554C611E7228310028FB65 /* ButtonExample */,
				CC554C601E7228310028FB65 /* Products */,
			);
			sourceTree = "<group>";
		};
		CC554C601E7228310028FB65 /* Products */ = {
			isa = PBXGroup;
			children = (
				CC554C5F1E7228310028FB65 /* ButtonExample.app */,
			);
			name = Products;
			sourceTree = "<group>";
		};
		CC554C611E7228310028FB65 /* ButtonExample */ = {
			isa = PBXGroup;
			children = (
				CC554C621E7228310028FB65 /* AppDelegate.swift */,
				CC554C641E7228310028FB65 /* ViewController.swift */,
				CC554C661E7228310028FB65 /* Main.storyboard */,
				CC554C691E7228310028FB65 /* Assets.xcassets */,
				CC554C6B1E7228310028FB65 /* LaunchScreen.storyboard */,
				CC554C6E1E7228310028FB65 /* Info.plist */,
			);
			path = ButtonExample;
			sourceTree = "<group>";
		};
/* End PBXGroup section */

/* Begin PBXNativeTarget section */
		CC554C5E1E7228310028FB65 /* ButtonExample */ = {
			isa = PBXNativeTarget;
			buildConfigurationList = CC554C711E7228310028FB65 /* Build configuration list for PBXNativeTarget "ButtonExample" */;
			buildPhases = (
				CC554C5B1E7228310028FB65 /* Sources */,
				CC554C5C1E7228310028FB65 /* Frameworks */,
				CC554C5D1E7228310028FB65 /* Resources */,
			);
			buildRules = (
			);
			dependencies = (
			);
			name = ButtonExample;
			productName = ButtonExample;
			productReference = CC554C5F1E7228310028FB65 /* ButtonExample.app */;
			productType = "com.apple.product-type.application";
		};
/* End PBXNativeTarget section */

/* Begin PBXProject section */
		CC554C571E7228310028FB65 /* Project object */ = {
			isa = PBXProject;
			attributes = {
				LastSwiftUpdateCheck = 0820;
				LastUpgradeCheck = 0820;
				ORGANIZATIONNAME = "BaekKyoung In";
				TargetAttributes = {
					CC554C5E1E7228310028FB65 = {
						CreatedOnToolsVersion = 8.2.1;
						DevelopmentTeam = SW9R59L32C;
						ProvisioningStyle = Automatic;
					};
				};
			};
			buildConfigurationList = CC554C5A1E7228310028FB65 /* Build configuration list for PBXProject "ButtonExample" */;
			compatibilityVersion = "Xcode 3.2";
			developmentRegion = English;
			hasScannedForEncodings = 0;
			knownRegions = (
				en,
				Base,
			);
			mainGroup = CC554C561E7228310028FB65;
			productRefGroup = CC554C601E7228310028FB65 /* Products */;
			projectDirPath = "";
			projectRoot = "";
			targets = (
				CC554C5E1E7228310028FB65 /* ButtonExample */,
			);
		};
/* End PBXProject section */

/* Begin PBXResourcesBuildPhase section */
		CC554C5D1E7228310028FB65 /* Resources */ = {
			isa = PBXResourcesBuildPhase;
			buildActionMask = 2147483647;
			files = (
				CC554C6D1E7228310028FB65 /* LaunchScreen.storyboard in Resources */,
				CC554C6A1E7228310028FB65 /* Assets.xcassets in Resources */,
				CC554C681E7228310028FB65 /* Main.storyboard in Resources */,
			);
			runOnlyForDeploymentPostprocessing = 0;
		};
/* End PBXResourcesBuildPhase section */

/* Begin PBXSourcesBuildPhase section */
		CC554C5B1E7228310028FB65 /* Sources */ = {
			isa = PBXSourcesBuildPhase;
			buildActionMask = 2147483647;
			files = (
				CC554C651E7228310028FB65 /* ViewController.swift in Sources */,
				CC554C631E7228310028FB65 /* AppDelegate.swift in Sources */,
			);
			runOnlyForDeploymentPostprocessing = 0;
		};
/* End PBXSourcesBuildPhase section */

/* Begin PBXVariantGroup section */
		CC554C661E7228310028FB65 /* Main.storyboard */ = {
			isa = PBXVariantGroup;
			children = (
				CC554C671E7228310028FB65 /* Base */,
			);
			name = Main.storyboard;
			sourceTree = "<group>";
		};
		CC554C6B1E7228310028FB65 /* LaunchScreen.storyboard */ = {
			isa = PBXVariantGroup;
			children = (
				CC554C6C1E7228310028FB65 /* Base */,
			);
			name = LaunchScreen.storyboard;
			sourceTree = "<group>";
		};
/* End PBXVariantGroup section */

/* Begin XCBuildConfiguration section */
		CC554C6F1E7228310028FB65 /* Debug */ = {
			isa = XCBuildConfiguration;
			buildSettings = {
				ALWAYS_SEARCH_USER_PATHS = NO;
				CLANG_ANALYZER_NONNULL = YES;
				CLANG_CXX_LANGUAGE_STANDARD = "gnu++0x";
				CLANG_CXX_LIBRARY = "libc++";
				CLANG_ENABLE_MODULES = YES;
				CLANG_ENABLE_OBJC_ARC = YES;
				CLANG_WARN_BOOL_CONVERSION = YES;
				CLANG_WARN_CONSTANT_CONVERSION = YES;
				CLANG_WARN_DIRECT_OBJC_ISA_USAGE = YES_ERROR;
				CLANG_WARN_DOCUMENTATION_COMMENTS = YES;
				CLANG_WARN_EMPTY_BODY = YES;
				CLANG_WARN_ENUM_CONVERSION = YES;
				CLANG_WARN_INFINITE_RECURSION = YES;
				CLANG_WARN_INT_CONVERSION = YES;
				CLANG_WARN_OBJC_ROOT_CLASS = YES_ERROR;
				CLANG_WARN_SUSPICIOUS_MOVE = YES;
				CLANG_WARN_UNREACHABLE_CODE = YES;
				CLANG_WARN__DUPLICATE_METHOD_MATCH = YES;
				"CODE_SIGN_IDENTITY[sdk=iphoneos*]" = "iPhone Developer";
				COPY_PHASE_STRIP = NO;
				DEBUG_INFORMATION_FORMAT = dwarf;
				ENABLE_STRICT_OBJC_MSGSEND = YES;
				ENABLE_TESTABILITY = YES;
				GCC_C_LANGUAGE_STANDARD = gnu99;
				GCC_DYNAMIC_NO_PIC = NO;
				GCC_NO_COMMON_BLOCKS = YES;
				GCC_OPTIMIZATION_LEVEL = 0;
				GCC_PREPROCESSOR_DEFINITIONS = (
					"DEBUG=1",
					"$(inherited)",
				);
				GCC_WARN_64_TO_32_BIT_CONVERSION = YES;
				GCC_WARN_ABOUT_RETURN_TYPE = YES_ERROR;
				GCC_WARN_UNDECLARED_SELECTOR = YES;
				GCC_WARN_UNINITIALIZED_AUTOS = YES_AGGRESSIVE;
				GCC_WARN_UNUSED_FUNCTION = YES;
				GCC_WARN_UNUSED_VARIABLE = YES;
				IPHONEOS_DEPLOYMENT_TARGET = 10.2;
				MTL_ENABLE_DEBUG_INFO = YES;
				ONLY_ACTIVE_ARCH = YES;
				SDKROOT = iphoneos;
				SWIFT_ACTIVE_COMPILATION_CONDITIONS = DEBUG;
				SWIFT_OPTIMIZATION_LEVEL = "-Onone";
			};
			name = Debug;
		};
		CC554C701E7228310028FB65 /* Release */ = {
			isa = XCBuildConfiguration;
			buildSettings = {
				ALWAYS_SEARCH_USER_PATHS = NO;
				CLANG_ANALYZER_NONNULL = YES;
				CLANG_CXX_LANGUAGE_STANDARD = "gnu++0x";
				CLANG_CXX_LIBRARY = "libc++";
				CLANG_ENABLE_MODULES = YES;
				CLANG_ENABLE_OBJC_ARC = YES;
				CLANG_WARN_BOOL_CONVERSION = YES;
				CLANG_WARN_CONSTANT_CONVERSION = YES;
				CLANG_WARN_DIRECT_OBJC_ISA_USAGE = YES_ERROR;
				CLANG_WARN_DOCUMENTATION_COMMENTS = YES;
				CLANG_WARN_EMPTY_BODY = YES;
				CLANG_WARN_ENUM_CONVERSION = YES;
				CLANG_WARN_INFINITE_RECURSION = YES;
				CLANG_WARN_INT_CONVERSION = YES;
				CLANG_WARN_OBJC_ROOT_CLASS = YES_ERROR;
				CLANG_WARN_SUSPICIOUS_MOVE = YES;
				CLANG_WARN_UNREACHABLE_CODE = YES;
				CLANG_WARN__DUPLICATE_METHOD_MATCH = YES;
				"CODE_SIGN_IDENTITY[sdk=iphoneos*]" = "iPhone Developer";
				COPY_PHASE_STRIP = NO;
				DEBUG_INFORMATION_FORMAT = "dwarf-with-dsym";
				ENABLE_NS_ASSERTIONS = NO;
				ENABLE_STRICT_OBJC_MSGSEND = YES;
				GCC_C_LANGUAGE_STANDARD = gnu99;
				GCC_NO_COMMON_BLOCKS = YES;
				GCC_WARN_64_TO_32_BIT_CONVERSION = YES;
				GCC_WARN_ABOUT_RETURN_TYPE = YES_ERROR;
				GCC_WARN_UNDECLARED_SELECTOR = YES;
				GCC_WARN_UNINITIALIZED_AUTOS = YES_AGGRESSIVE;
				GCC_WARN_UNUSED_FUNCTION = YES;
				GCC_WARN_UNUSED_VARIABLE = YES;
				IPHONEOS_DEPLOYMENT_TARGET = 10.2;
				MTL_ENABLE_DEBUG_INFO = NO;
				SDKROOT = iphoneos;
				SWIFT_OPTIMIZATION_LEVEL = "-Owholemodule";
				VALIDATE_PRODUCT = YES;
			};
			name = Release;
		};
		CC554C721E7228310028FB65 /* Debug */ = {
			isa = XCBuildConfiguration;
			buildSettings = {
				ASSETCATALOG_COMPILER_APPICON_NAME = AppIcon;
				DEVELOPMENT_TEAM = SW9R59L32C;
				INFOPLIST_FILE = ButtonExample/Info.plist;
				LD_RUNPATH_SEARCH_PATHS = "$(inherited) @executable_path/Frameworks";
				PRODUCT_BUNDLE_IDENTIFIER = com.example.ButtonExample;
				PRODUCT_NAME = "$(TARGET_NAME)";
				SWIFT_VERSION = 3.0;
			};
			name = Debug;
		};
		CC554C731E7228310028FB65 /* Release */ = {
			isa = XCBuildConfiguration;
			buildSettings = {
				ASSETCATALOG_COMPILER_APPICON_NAME = AppIcon;
				DEVELOPMENT_TEAM = SW9R59L32C;
				INFOPLIST_FILE = ButtonExample/Info.plist;
				LD_RUNPATH_SEARCH_PATHS = "$(inherited) @executable_path/Frameworks";
				PRODUCT_BUNDLE_IDENTIFIER = com.example.ButtonExample;
				PRODUCT_NAME = "$(TARGET_NAME)";
				SWIFT_VERSION = 3.0;
			};
			name = Release;
		};
/* End XCBuildConfiguration section */

/* Begin XCConfigurationList section */
		CC554C5A1E7228310028FB65 /* Build configuration list for PBXProject "ButtonExample" */ = {
			isa = XCConfigurationList;
			buildConfigurations = (
				CC554C6F1E7228310028FB65 /* Debug */,
				CC554C701E7228310028FB65 /* Release */,
			);
			defaultConfigurationIsVisible = 0;
			defaultConfigurationName = Release;
		};
		CC554C711E7228310028FB65 /* Build configuration list for PBXNativeTarget "ButtonExample" */ = {
			isa = XCConfigurationList;
			buildConfigurations = (
				CC554C721E7228310028FB65 /* Debug */,
				CC554C731E7228310028FB65 /* Release */,
			);
			defaultConfigurationIsVisible = 0;
		};
/* End XCConfigurationList section */
	};
	rootObject = CC554C571E7228310028FB65 /* Project object */;
}
