// !$*UTF8*$!
{
	archiveVersion = 1;
	classes = {
	};
	objectVersion = 46;
	objects = {

/* Begin PBXBuildFile section */
		9CB3A2B41E72282F004524AF /* AppDelegate.swift in Sources */ = {isa = PBXBuildFile; fileRef = 9CB3A2B31E72282F004524AF /* AppDelegate.swift */; };
		9CB3A2B61E72282F004524AF /* ViewController.swift in Sources */ = {isa = PBXBuildFile; fileRef = 9CB3A2B51E72282F004524AF /* ViewController.swift */; };
		9CB3A2B91E72282F004524AF /* Main.storyboard in Resources */ = {isa = PBXBuildFile; fileRef = 9CB3A2B71E72282F004524AF /* Main.storyboard */; };
		9CB3A2BB1E72282F004524AF /* Assets.xcassets in Resources */ = {isa = PBXBuildFile; fileRef = 9CB3A2BA1E72282F004524AF /* Assets.xcassets */; };
		9CB3A2BE1E72282F004524AF /* LaunchScreen.storyboard in Resources */ = {isa = PBXBuildFile; fileRef = 9CB3A2BC1E72282F004524AF /* LaunchScreen.storyboard */; };
		9CB3A2C61E72284F004524AF /* Storyboard1.storyboard in Resources */ = {isa = PBXBuildFile; fileRef = 9CB3A2C51E72284F004524AF /* Storyboard1.storyboard */; };
/* End PBXBuildFile section */

/* Begin PBXFileReference section */
		9CB3A2B01E72282F004524AF /* ButtonExample.app */ = {isa = PBXFileReference; explicitFileType = wrapper.application; includeInIndex = 0; path = ButtonExample.app; sourceTree = BUILT_PRODUCTS_DIR; };
		9CB3A2B31E72282F004524AF /* AppDelegate.swift */ = {isa = PBXFileReference; lastKnownFileType = sourcecode.swift; path = AppDelegate.swift; sourceTree = "<group>"; };
		9CB3A2B51E72282F004524AF /* ViewController.swift */ = {isa = PBXFileReference; lastKnownFileType = sourcecode.swift; path = ViewController.swift; sourceTree = "<group>"; };
		9CB3A2B81E72282F004524AF /* Base */ = {isa = PBXFileReference; lastKnownFileType = file.storyboard; name = Base; path = Base.lproj/Main.storyboard; sourceTree = "<group>"; };
		9CB3A2BA1E72282F004524AF /* Assets.xcassets */ = {isa = PBXFileReference; lastKnownFileType = folder.assetcatalog; path = Assets.xcassets; sourceTree = "<group>"; };
		9CB3A2BD1E72282F004524AF /* Base */ = {isa = PBXFileReference; lastKnownFileType = file.storyboard; name = Base; path = Base.lproj/LaunchScreen.storyboard; sourceTree = "<group>"; };
		9CB3A2BF1E72282F004524AF /* Info.plist */ = {isa = PBXFileReference; lastKnownFileType = text.plist.xml; path = Info.plist; sourceTree = "<group>"; };
		9CB3A2C51E72284F004524AF /* Storyboard1.storyboard */ = {isa = PBXFileReference; fileEncoding = 4; lastKnownFileType = file.storyboard; path = Storyboard1.storyboard; sourceTree = "<group>"; };
/* End PBXFileReference section */

/* Begin PBXFrameworksBuildPhase section */
		9CB3A2AD1E72282F004524AF /* Frameworks */ = {
			isa = PBXFrameworksBuildPhase;
			buildActionMask = 2147483647;
			files = (
			);
			runOnlyForDeploymentPostprocessing = 0;
		};
/* End PBXFrameworksBuildPhase section */

/* Begin PBXGroup section */
		9CB3A2A71E72282F004524AF = {
			isa = PBXGroup;
			children = (
				9CB3A2B21E72282F004524AF /* ButtonExample */,
				9CB3A2B11E72282F004524AF /* Products */,
			);
			sourceTree = "<group>";
		};
		9CB3A2B11E72282F004524AF /* Products */ = {
			isa = PBXGroup;
			children = (
				9CB3A2B01E72282F004524AF /* ButtonExample.app */,
			);
			name = Products;
			sourceTree = "<group>";
		};
		9CB3A2B21E72282F004524AF /* ButtonExample */ = {
			isa = PBXGroup;
			children = (
				9CB3A2B31E72282F004524AF /* AppDelegate.swift */,
				9CB3A2B51E72282F004524AF /* ViewController.swift */,
				9CB3A2B71E72282F004524AF /* Main.storyboard */,
				9CB3A2C51E72284F004524AF /* Storyboard1.storyboard */,
				9CB3A2BA1E72282F004524AF /* Assets.xcassets */,
				9CB3A2BC1E72282F004524AF /* LaunchScreen.storyboard */,
				9CB3A2BF1E72282F004524AF /* Info.plist */,
			);
			path = ButtonExample;
			sourceTree = "<group>";
		};
/* End PBXGroup section */

/* Begin PBXNativeTarget section */
		9CB3A2AF1E72282F004524AF /* ButtonExample */ = {
			isa = PBXNativeTarget;
			buildConfigurationList = 9CB3A2C21E72282F004524AF /* Build configuration list for PBXNativeTarget "ButtonExample" */;
			buildPhases = (
				9CB3A2AC1E72282F004524AF /* Sources */,
				9CB3A2AD1E72282F004524AF /* Frameworks */,
				9CB3A2AE1E72282F004524AF /* Resources */,
			);
			buildRules = (
			);
			dependencies = (
			);
			name = ButtonExample;
			productName = ButtonExample;
			productReference = 9CB3A2B01E72282F004524AF /* ButtonExample.app */;
			productType = "com.apple.product-type.application";
		};
/* End PBXNativeTarget section */

/* Begin PBXProject section */
		9CB3A2A81E72282F004524AF /* Project object */ = {
			isa = PBXProject;
			attributes = {
				LastSwiftUpdateCheck = 0820;
				LastUpgradeCheck = 0820;
				ORGANIZATIONNAME = "Hyeonseok Bang";
				TargetAttributes = {
					9CB3A2AF1E72282F004524AF = {
						CreatedOnToolsVersion = 8.2.1;
						DevelopmentTeam = V76W3QYM89;
						ProvisioningStyle = Automatic;
					};
				};
			};
			buildConfigurationList = 9CB3A2AB1E72282F004524AF /* Build configuration list for PBXProject "ButtonExample" */;
			compatibilityVersion = "Xcode 3.2";
			developmentRegion = English;
			hasScannedForEncodings = 0;
			knownRegions = (
				en,
				Base,
			);
			mainGroup = 9CB3A2A71E72282F004524AF;
			productRefGroup = 9CB3A2B11E72282F004524AF /* Products */;
			projectDirPath = "";
			projectRoot = "";
			targets = (
				9CB3A2AF1E72282F004524AF /* ButtonExample */,
			);
		};
/* End PBXProject section */

/* Begin PBXResourcesBuildPhase section */
		9CB3A2AE1E72282F004524AF /* Resources */ = {
			isa = PBXResourcesBuildPhase;
			buildActionMask = 2147483647;
			files = (
				9CB3A2BE1E72282F004524AF /* LaunchScreen.storyboard in Resources */,
				9CB3A2BB1E72282F004524AF /* Assets.xcassets in Resources */,
				9CB3A2B91E72282F004524AF /* Main.storyboard in Resources */,
				9CB3A2C61E72284F004524AF /* Storyboard1.storyboard in Resources */,
			);
			runOnlyForDeploymentPostprocessing = 0;
		};
/* End PBXResourcesBuildPhase section */

/* Begin PBXSourcesBuildPhase section */
		9CB3A2AC1E72282F004524AF /* Sources */ = {
			isa = PBXSourcesBuildPhase;
			buildActionMask = 2147483647;
			files = (
				9CB3A2B61E72282F004524AF /* ViewController.swift in Sources */,
				9CB3A2B41E72282F004524AF /* AppDelegate.swift in Sources */,
			);
			runOnlyForDeploymentPostprocessing = 0;
		};
/* End PBXSourcesBuildPhase section */

/* Begin PBXVariantGroup section */
		9CB3A2B71E72282F004524AF /* Main.storyboard */ = {
			isa = PBXVariantGroup;
			children = (
				9CB3A2B81E72282F004524AF /* Base */,
			);
			name = Main.storyboard;
			sourceTree = "<group>";
		};
		9CB3A2BC1E72282F004524AF /* LaunchScreen.storyboard */ = {
			isa = PBXVariantGroup;
			children = (
				9CB3A2BD1E72282F004524AF /* Base */,
			);
			name = LaunchScreen.storyboard;
			sourceTree = "<group>";
		};
/* End PBXVariantGroup section */

/* Begin XCBuildConfiguration section */
		9CB3A2C01E72282F004524AF /* Debug */ = {
			isa = XCBuildConfiguration;
			buildSettings = {
				ALWAYS_SEARCH_USER_PATHS = NO;
				CLANG_ANALYZER_NONNULL = YES;
				CLANG_CXX_LANGUAGE_STANDARD = "gnu++0x";
				CLANG_CXX_LIBRARY = "libc++";
				CLANG_ENABLE_MODULES = YES;
				CLANG_ENABLE_OBJC_ARC = YES;
				CLANG_WARN_BOOL_CONVERSION = YES;
				CLANG_WARN_CONSTANT_CONVERSION = YES;
				CLANG_WARN_DIRECT_OBJC_ISA_USAGE = YES_ERROR;
				CLANG_WARN_DOCUMENTATION_COMMENTS = YES;
				CLANG_WARN_EMPTY_BODY = YES;
				CLANG_WARN_ENUM_CONVERSION = YES;
				CLANG_WARN_INFINITE_RECURSION = YES;
				CLANG_WARN_INT_CONVERSION = YES;
				CLANG_WARN_OBJC_ROOT_CLASS = YES_ERROR;
				CLANG_WARN_SUSPICIOUS_MOVE = YES;
				CLANG_WARN_UNREACHABLE_CODE = YES;
				CLANG_WARN__DUPLICATE_METHOD_MATCH = YES;
				"CODE_SIGN_IDENTITY[sdk=iphoneos*]" = "iPhone Developer";
				COPY_PHASE_STRIP = NO;
				DEBUG_INFORMATION_FORMAT = dwarf;
				ENABLE_STRICT_OBJC_MSGSEND = YES;
				ENABLE_TESTABILITY = YES;
				GCC_C_LANGUAGE_STANDARD = gnu99;
				GCC_DYNAMIC_NO_PIC = NO;
				GCC_NO_COMMON_BLOCKS = YES;
				GCC_OPTIMIZATION_LEVEL = 0;
				GCC_PREPROCESSOR_DEFINITIONS = (
					"DEBUG=1",
					"$(inherited)",
				);
				GCC_WARN_64_TO_32_BIT_CONVERSION = YES;
				GCC_WARN_ABOUT_RETURN_TYPE = YES_ERROR;
				GCC_WARN_UNDECLARED_SELECTOR = YES;
				GCC_WARN_UNINITIALIZED_AUTOS = YES_AGGRESSIVE;
				GCC_WARN_UNUSED_FUNCTION = YES;
				GCC_WARN_UNUSED_VARIABLE = YES;
				IPHONEOS_DEPLOYMENT_TARGET = 10.2;
				MTL_ENABLE_DEBUG_INFO = YES;
				ONLY_ACTIVE_ARCH = YES;
				SDKROOT = iphoneos;
				SWIFT_ACTIVE_COMPILATION_CONDITIONS = DEBUG;
				SWIFT_OPTIMIZATION_LEVEL = "-Onone";
			};
			name = Debug;
		};
		9CB3A2C11E72282F004524AF /* Release */ = {
			isa = XCBuildConfiguration;
			buildSettings = {
				ALWAYS_SEARCH_USER_PATHS = NO;
				CLANG_ANALYZER_NONNULL = YES;
				CLANG_CXX_LANGUAGE_STANDARD = "gnu++0x";
				CLANG_CXX_LIBRARY = "libc++";
				CLANG_ENABLE_MODULES = YES;
				CLANG_ENABLE_OBJC_ARC = YES;
				CLANG_WARN_BOOL_CONVERSION = YES;
				CLANG_WARN_CONSTANT_CONVERSION = YES;
				CLANG_WARN_DIRECT_OBJC_ISA_USAGE = YES_ERROR;
				CLANG_WARN_DOCUMENTATION_COMMENTS = YES;
				CLANG_WARN_EMPTY_BODY = YES;
				CLANG_WARN_ENUM_CONVERSION = YES;
				CLANG_WARN_INFINITE_RECURSION = YES;
				CLANG_WARN_INT_CONVERSION = YES;
				CLANG_WARN_OBJC_ROOT_CLASS = YES_ERROR;
				CLANG_WARN_SUSPICIOUS_MOVE = YES;
				CLANG_WARN_UNREACHABLE_CODE = YES;
				CLANG_WARN__DUPLICATE_METHOD_MATCH = YES;
				"CODE_SIGN_IDENTITY[sdk=iphoneos*]" = "iPhone Developer";
				COPY_PHASE_STRIP = NO;
				DEBUG_INFORMATION_FORMAT = "dwarf-with-dsym";
				ENABLE_NS_ASSERTIONS = NO;
				ENABLE_STRICT_OBJC_MSGSEND = YES;
				GCC_C_LANGUAGE_STANDARD = gnu99;
				GCC_NO_COMMON_BLOCKS = YES;
				GCC_WARN_64_TO_32_BIT_CONVERSION = YES;
				GCC_WARN_ABOUT_RETURN_TYPE = YES_ERROR;
				GCC_WARN_UNDECLARED_SELECTOR = YES;
				GCC_WARN_UNINITIALIZED_AUTOS = YES_AGGRESSIVE;
				GCC_WARN_UNUSED_FUNCTION = YES;
				GCC_WARN_UNUSED_VARIABLE = YES;
				IPHONEOS_DEPLOYMENT_TARGET = 10.2;
				MTL_ENABLE_DEBUG_INFO = NO;
				SDKROOT = iphoneos;
				SWIFT_OPTIMIZATION_LEVEL = "-Owholemodule";
				VALIDATE_PRODUCT = YES;
			};
			name = Release;
		};
		9CB3A2C31E72282F004524AF /* Debug */ = {
			isa = XCBuildConfiguration;
			buildSettings = {
				ASSETCATALOG_COMPILER_APPICON_NAME = AppIcon;
				DEVELOPMENT_TEAM = V76W3QYM89;
				INFOPLIST_FILE = ButtonExample/Info.plist;
				LD_RUNPATH_SEARCH_PATHS = "$(inherited) @executable_path/Frameworks";
				PRODUCT_BUNDLE_IDENTIFIER = com.example.ButtonExample;
				PRODUCT_NAME = "$(TARGET_NAME)";
				SWIFT_VERSION = 3.0;
			};
			name = Debug;
		};
		9CB3A2C41E72282F004524AF /* Release */ = {
			isa = XCBuildConfiguration;
			buildSettings = {
				ASSETCATALOG_COMPILER_APPICON_NAME = AppIcon;
				DEVELOPMENT_TEAM = V76W3QYM89;
				INFOPLIST_FILE = ButtonExample/Info.plist;
				LD_RUNPATH_SEARCH_PATHS = "$(inherited) @executable_path/Frameworks";
				PRODUCT_BUNDLE_IDENTIFIER = com.example.ButtonExample;
				PRODUCT_NAME = "$(TARGET_NAME)";
				SWIFT_VERSION = 3.0;
			};
			name = Release;
		};
/* End XCBuildConfiguration section */

/* Begin XCConfigurationList section */
		9CB3A2AB1E72282F004524AF /* Build configuration list for PBXProject "ButtonExample" */ = {
			isa = XCConfigurationList;
			buildConfigurations = (
				9CB3A2C01E72282F004524AF /* Debug */,
				9CB3A2C11E72282F004524AF /* Release */,
			);
			defaultConfigurationIsVisible = 0;
			defaultConfigurationName = Release;
		};
		9CB3A2C21E72282F004524AF /* Build configuration list for PBXNativeTarget "ButtonExample" */ = {
			isa = XCConfigurationList;
			buildConfigurations = (
				9CB3A2C31E72282F004524AF /* Debug */,
				9CB3A2C41E72282F004524AF /* Release */,
			);
			defaultConfigurationIsVisible = 0;
		};
/* End XCConfigurationList section */
	};
	rootObject = 9CB3A2A81E72282F004524AF /* Project object */;
}
