// !$*UTF8*$!
{
	archiveVersion = 1;
	classes = {
	};
	objectVersion = 46;
	objects = {

/* Begin PBXBuildFile section */
		CCAC60681E9B0613007A4D05 /* ExampleCell.swift in Sources */ = {isa = PBXBuildFile; fileRef = CCAC60671E9B0613007A4D05 /* ExampleCell.swift */; };
		CCAC606A1E9B0CF9007A4D05 /* DetailViewController.swift in Sources */ = {isa = PBXBuildFile; fileRef = CCAC60691E9B0CF9007A4D05 /* DetailViewController.swift */; };
		CCAC606C1E9B124D007A4D05 /* ExampleTabBar.swift in Sources */ = {isa = PBXBuildFile; fileRef = CCAC606B1E9B124D007A4D05 /* ExampleTabBar.swift */; };
		CCBBC17F1E9A079500D9CC3C /* AppDelegate.swift in Sources */ = {isa = PBXBuildFile; fileRef = CCBBC17E1E9A079500D9CC3C /* AppDelegate.swift */; };
		CCBBC1811E9A079500D9CC3C /* ViewController.swift in Sources */ = {isa = PBXBuildFile; fileRef = CCBBC1801E9A079500D9CC3C /* ViewController.swift */; };
		CCBBC1841E9A079500D9CC3C /* Main.storyboard in Resources */ = {isa = PBXBuildFile; fileRef = CCBBC1821E9A079500D9CC3C /* Main.storyboard */; };
		CCBBC1861E9A079500D9CC3C /* Assets.xcassets in Resources */ = {isa = PBXBuildFile; fileRef = CCBBC1851E9A079500D9CC3C /* Assets.xcassets */; };
		CCBBC1891E9A079500D9CC3C /* LaunchScreen.storyboard in Resources */ = {isa = PBXBuildFile; fileRef = CCBBC1871E9A079500D9CC3C /* LaunchScreen.storyboard */; };
		CCBBC1911E9A0D6900D9CC3C /* ExampleCell.xib in Resources */ = {isa = PBXBuildFile; fileRef = CCBBC1901E9A0D6900D9CC3C /* ExampleCell.xib */; };
/* End PBXBuildFile section */

/* Begin PBXFileReference section */
		CCAC60671E9B0613007A4D05 /* ExampleCell.swift */ = {isa = PBXFileReference; fileEncoding = 4; lastKnownFileType = sourcecode.swift; path = ExampleCell.swift; sourceTree = "<group>"; };
		CCAC60691E9B0CF9007A4D05 /* DetailViewController.swift */ = {isa = PBXFileReference; fileEncoding = 4; lastKnownFileType = sourcecode.swift; path = DetailViewController.swift; sourceTree = "<group>"; };
		CCAC606B1E9B124D007A4D05 /* ExampleTabBar.swift */ = {isa = PBXFileReference; fileEncoding = 4; lastKnownFileType = sourcecode.swift; path = ExampleTabBar.swift; sourceTree = "<group>"; };
		CCBBC17B1E9A079500D9CC3C /* CollectionViewExample.app */ = {isa = PBXFileReference; explicitFileType = wrapper.application; includeInIndex = 0; path = CollectionViewExample.app; sourceTree = BUILT_PRODUCTS_DIR; };
		CCBBC17E1E9A079500D9CC3C /* AppDelegate.swift */ = {isa = PBXFileReference; lastKnownFileType = sourcecode.swift; path = AppDelegate.swift; sourceTree = "<group>"; };
		CCBBC1801E9A079500D9CC3C /* ViewController.swift */ = {isa = PBXFileReference; lastKnownFileType = sourcecode.swift; path = ViewController.swift; sourceTree = "<group>"; };
		CCBBC1831E9A079500D9CC3C /* Base */ = {isa = PBXFileReference; lastKnownFileType = file.storyboard; name = Base; path = Base.lproj/Main.storyboard; sourceTree = "<group>"; };
		CCBBC1851E9A079500D9CC3C /* Assets.xcassets */ = {isa = PBXFileReference; lastKnownFileType = folder.assetcatalog; path = Assets.xcassets; sourceTree = "<group>"; };
		CCBBC1881E9A079500D9CC3C /* Base */ = {isa = PBXFileReference; lastKnownFileType = file.storyboard; name = Base; path = Base.lproj/LaunchScreen.storyboard; sourceTree = "<group>"; };
		CCBBC18A1E9A079500D9CC3C /* Info.plist */ = {isa = PBXFileReference; lastKnownFileType = text.plist.xml; path = Info.plist; sourceTree = "<group>"; };
		CCBBC1901E9A0D6900D9CC3C /* ExampleCell.xib */ = {isa = PBXFileReference; fileEncoding = 4; lastKnownFileType = file.xib; path = ExampleCell.xib; sourceTree = "<group>"; };
/* End PBXFileReference section */

/* Begin PBXFrameworksBuildPhase section */
		CCBBC1781E9A079400D9CC3C /* Frameworks */ = {
			isa = PBXFrameworksBuildPhase;
			buildActionMask = 2147483647;
			files = (
			);
			runOnlyForDeploymentPostprocessing = 0;
		};
/* End PBXFrameworksBuildPhase section */

/* Begin PBXGroup section */
		CCBBC1721E9A079400D9CC3C = {
			isa = PBXGroup;
			children = (
				CCBBC17D1E9A079500D9CC3C /* CollectionViewExample */,
				CCBBC17C1E9A079500D9CC3C /* Products */,
			);
			sourceTree = "<group>";
		};
		CCBBC17C1E9A079500D9CC3C /* Products */ = {
			isa = PBXGroup;
			children = (
				CCBBC17B1E9A079500D9CC3C /* CollectionViewExample.app */,
			);
			name = Products;
			sourceTree = "<group>";
		};
		CCBBC17D1E9A079500D9CC3C /* CollectionViewExample */ = {
			isa = PBXGroup;
			children = (
				CCBBC17E1E9A079500D9CC3C /* AppDelegate.swift */,
				CCBBC1801E9A079500D9CC3C /* ViewController.swift */,
				CCAC60691E9B0CF9007A4D05 /* DetailViewController.swift */,
				CCAC60671E9B0613007A4D05 /* ExampleCell.swift */,
				CCBBC1821E9A079500D9CC3C /* Main.storyboard */,
				CCBBC1901E9A0D6900D9CC3C /* ExampleCell.xib */,
				CCBBC1851E9A079500D9CC3C /* Assets.xcassets */,
				CCAC606B1E9B124D007A4D05 /* ExampleTabBar.swift */,
				CCBBC1871E9A079500D9CC3C /* LaunchScreen.storyboard */,
				CCBBC18A1E9A079500D9CC3C /* Info.plist */,
			);
			path = CollectionViewExample;
			sourceTree = "<group>";
		};
/* End PBXGroup section */

/* Begin PBXNativeTarget section */
		CCBBC17A1E9A079400D9CC3C /* CollectionViewExample */ = {
			isa = PBXNativeTarget;
			buildConfigurationList = CCBBC18D1E9A079500D9CC3C /* Build configuration list for PBXNativeTarget "CollectionViewExample" */;
			buildPhases = (
				CCBBC1771E9A079400D9CC3C /* Sources */,
				CCBBC1781E9A079400D9CC3C /* Frameworks */,
				CCBBC1791E9A079400D9CC3C /* Resources */,
			);
			buildRules = (
			);
			dependencies = (
			);
			name = CollectionViewExample;
			productName = CollectionViewExample;
			productReference = CCBBC17B1E9A079500D9CC3C /* CollectionViewExample.app */;
			productType = "com.apple.product-type.application";
		};
/* End PBXNativeTarget section */

/* Begin PBXProject section */
		CCBBC1731E9A079400D9CC3C /* Project object */ = {
			isa = PBXProject;
			attributes = {
				LastSwiftUpdateCheck = 0820;
				LastUpgradeCheck = 0820;
				ORGANIZATIONNAME = "BaekKyoung In";
				TargetAttributes = {
					CCBBC17A1E9A079400D9CC3C = {
						CreatedOnToolsVersion = 8.2.1;
						DevelopmentTeam = SW9R59L32C;
						ProvisioningStyle = Automatic;
					};
				};
			};
			buildConfigurationList = CCBBC1761E9A079400D9CC3C /* Build configuration list for PBXProject "CollectionViewExample" */;
			compatibilityVersion = "Xcode 3.2";
			developmentRegion = English;
			hasScannedForEncodings = 0;
			knownRegions = (
				en,
				Base,
			);
			mainGroup = CCBBC1721E9A079400D9CC3C;
			productRefGroup = CCBBC17C1E9A079500D9CC3C /* Products */;
			projectDirPath = "";
			projectRoot = "";
			targets = (
				CCBBC17A1E9A079400D9CC3C /* CollectionViewExample */,
			);
		};
/* End PBXProject section */

/* Begin PBXResourcesBuildPhase section */
		CCBBC1791E9A079400D9CC3C /* Resources */ = {
			isa = PBXResourcesBuildPhase;
			buildActionMask = 2147483647;
			files = (
				CCBBC1911E9A0D6900D9CC3C /* ExampleCell.xib in Resources */,
				CCBBC1891E9A079500D9CC3C /* LaunchScreen.storyboard in Resources */,
				CCBBC1861E9A079500D9CC3C /* Assets.xcassets in Resources */,
				CCBBC1841E9A079500D9CC3C /* Main.storyboard in Resources */,
			);
			runOnlyForDeploymentPostprocessing = 0;
		};
/* End PBXResourcesBuildPhase section */

/* Begin PBXSourcesBuildPhase section */
		CCBBC1771E9A079400D9CC3C /* Sources */ = {
			isa = PBXSourcesBuildPhase;
			buildActionMask = 2147483647;
			files = (
				CCAC60681E9B0613007A4D05 /* ExampleCell.swift in Sources */,
				CCBBC1811E9A079500D9CC3C /* ViewController.swift in Sources */,
				CCBBC17F1E9A079500D9CC3C /* AppDelegate.swift in Sources */,
				CCAC606C1E9B124D007A4D05 /* ExampleTabBar.swift in Sources */,
				CCAC606A1E9B0CF9007A4D05 /* DetailViewController.swift in Sources */,
			);
			runOnlyForDeploymentPostprocessing = 0;
		};
/* End PBXSourcesBuildPhase section */

/* Begin PBXVariantGroup section */
		CCBBC1821E9A079500D9CC3C /* Main.storyboard */ = {
			isa = PBXVariantGroup;
			children = (
				CCBBC1831E9A079500D9CC3C /* Base */,
			);
			name = Main.storyboard;
			sourceTree = "<group>";
		};
		CCBBC1871E9A079500D9CC3C /* LaunchScreen.storyboard */ = {
			isa = PBXVariantGroup;
			children = (
				CCBBC1881E9A079500D9CC3C /* Base */,
			);
			name = LaunchScreen.storyboard;
			sourceTree = "<group>";
		};
/* End PBXVariantGroup section */

/* Begin XCBuildConfiguration section */
		CCBBC18B1E9A079500D9CC3C /* Debug */ = {
			isa = XCBuildConfiguration;
			buildSettings = {
				ALWAYS_SEARCH_USER_PATHS = NO;
				CLANG_ANALYZER_NONNULL = YES;
				CLANG_CXX_LANGUAGE_STANDARD = "gnu++0x";
				CLANG_CXX_LIBRARY = "libc++";
				CLANG_ENABLE_MODULES = YES;
				CLANG_ENABLE_OBJC_ARC = YES;
				CLANG_WARN_BOOL_CONVERSION = YES;
				CLANG_WARN_CONSTANT_CONVERSION = YES;
				CLANG_WARN_DIRECT_OBJC_ISA_USAGE = YES_ERROR;
				CLANG_WARN_DOCUMENTATION_COMMENTS = YES;
				CLANG_WARN_EMPTY_BODY = YES;
				CLANG_WARN_ENUM_CONVERSION = YES;
				CLANG_WARN_INFINITE_RECURSION = YES;
				CLANG_WARN_INT_CONVERSION = YES;
				CLANG_WARN_OBJC_ROOT_CLASS = YES_ERROR;
				CLANG_WARN_SUSPICIOUS_MOVE = YES;
				CLANG_WARN_UNREACHABLE_CODE = YES;
				CLANG_WARN__DUPLICATE_METHOD_MATCH = YES;
				"CODE_SIGN_IDENTITY[sdk=iphoneos*]" = "iPhone Developer";
				COPY_PHASE_STRIP = NO;
				DEBUG_INFORMATION_FORMAT = dwarf;
				ENABLE_STRICT_OBJC_MSGSEND = YES;
				ENABLE_TESTABILITY = YES;
				GCC_C_LANGUAGE_STANDARD = gnu99;
				GCC_DYNAMIC_NO_PIC = NO;
				GCC_NO_COMMON_BLOCKS = YES;
				GCC_OPTIMIZATION_LEVEL = 0;
				GCC_PREPROCESSOR_DEFINITIONS = (
					"DEBUG=1",
					"$(inherited)",
				);
				GCC_WARN_64_TO_32_BIT_CONVERSION = YES;
				GCC_WARN_ABOUT_RETURN_TYPE = YES_ERROR;
				GCC_WARN_UNDECLARED_SELECTOR = YES;
				GCC_WARN_UNINITIALIZED_AUTOS = YES_AGGRESSIVE;
				GCC_WARN_UNUSED_FUNCTION = YES;
				GCC_WARN_UNUSED_VARIABLE = YES;
				IPHONEOS_DEPLOYMENT_TARGET = 10.2;
				MTL_ENABLE_DEBUG_INFO = YES;
				ONLY_ACTIVE_ARCH = YES;
				SDKROOT = iphoneos;
				SWIFT_ACTIVE_COMPILATION_CONDITIONS = DEBUG;
				SWIFT_OPTIMIZATION_LEVEL = "-Onone";
			};
			name = Debug;
		};
		CCBBC18C1E9A079500D9CC3C /* Release */ = {
			isa = XCBuildConfiguration;
			buildSettings = {
				ALWAYS_SEARCH_USER_PATHS = NO;
				CLANG_ANALYZER_NONNULL = YES;
				CLANG_CXX_LANGUAGE_STANDARD = "gnu++0x";
				CLANG_CXX_LIBRARY = "libc++";
				CLANG_ENABLE_MODULES = YES;
				CLANG_ENABLE_OBJC_ARC = YES;
				CLANG_WARN_BOOL_CONVERSION = YES;
				CLANG_WARN_CONSTANT_CONVERSION = YES;
				CLANG_WARN_DIRECT_OBJC_ISA_USAGE = YES_ERROR;
				CLANG_WARN_DOCUMENTATION_COMMENTS = YES;
				CLANG_WARN_EMPTY_BODY = YES;
				CLANG_WARN_ENUM_CONVERSION = YES;
				CLANG_WARN_INFINITE_RECURSION = YES;
				CLANG_WARN_INT_CONVERSION = YES;
				CLANG_WARN_OBJC_ROOT_CLASS = YES_ERROR;
				CLANG_WARN_SUSPICIOUS_MOVE = YES;
				CLANG_WARN_UNREACHABLE_CODE = YES;
				CLANG_WARN__DUPLICATE_METHOD_MATCH = YES;
				"CODE_SIGN_IDENTITY[sdk=iphoneos*]" = "iPhone Developer";
				COPY_PHASE_STRIP = NO;
				DEBUG_INFORMATION_FORMAT = "dwarf-with-dsym";
				ENABLE_NS_ASSERTIONS = NO;
				ENABLE_STRICT_OBJC_MSGSEND = YES;
				GCC_C_LANGUAGE_STANDARD = gnu99;
				GCC_NO_COMMON_BLOCKS = YES;
				GCC_WARN_64_TO_32_BIT_CONVERSION = YES;
				GCC_WARN_ABOUT_RETURN_TYPE = YES_ERROR;
				GCC_WARN_UNDECLARED_SELECTOR = YES;
				GCC_WARN_UNINITIALIZED_AUTOS = YES_AGGRESSIVE;
				GCC_WARN_UNUSED_FUNCTION = YES;
				GCC_WARN_UNUSED_VARIABLE = YES;
				IPHONEOS_DEPLOYMENT_TARGET = 10.2;
				MTL_ENABLE_DEBUG_INFO = NO;
				SDKROOT = iphoneos;
				SWIFT_OPTIMIZATION_LEVEL = "-Owholemodule";
				VALIDATE_PRODUCT = YES;
			};
			name = Release;
		};
		CCBBC18E1E9A079500D9CC3C /* Debug */ = {
			isa = XCBuildConfiguration;
			buildSettings = {
				ASSETCATALOG_COMPILER_APPICON_NAME = AppIcon;
				DEVELOPMENT_TEAM = SW9R59L32C;
				INFOPLIST_FILE = CollectionViewExample/Info.plist;
				LD_RUNPATH_SEARCH_PATHS = "$(inherited) @executable_path/Frameworks";
				PRODUCT_BUNDLE_IDENTIFIER = com.example.CollectionViewExample;
				PRODUCT_NAME = "$(TARGET_NAME)";
				SWIFT_VERSION = 3.0;
			};
			name = Debug;
		};
		CCBBC18F1E9A079500D9CC3C /* Release */ = {
			isa = XCBuildConfiguration;
			buildSettings = {
				ASSETCATALOG_COMPILER_APPICON_NAME = AppIcon;
				DEVELOPMENT_TEAM = SW9R59L32C;
				INFOPLIST_FILE = CollectionViewExample/Info.plist;
				LD_RUNPATH_SEARCH_PATHS = "$(inherited) @executable_path/Frameworks";
				PRODUCT_BUNDLE_IDENTIFIER = com.example.CollectionViewExample;
				PRODUCT_NAME = "$(TARGET_NAME)";
				SWIFT_VERSION = 3.0;
			};
			name = Release;
		};
/* End XCBuildConfiguration section */

/* Begin XCConfigurationList section */
		CCBBC1761E9A079400D9CC3C /* Build configuration list for PBXProject "CollectionViewExample" */ = {
			isa = XCConfigurationList;
			buildConfigurations = (
				CCBBC18B1E9A079500D9CC3C /* Debug */,
				CCBBC18C1E9A079500D9CC3C /* Release */,
			);
			defaultConfigurationIsVisible = 0;
			defaultConfigurationName = Release;
		};
		CCBBC18D1E9A079500D9CC3C /* Build configuration list for PBXNativeTarget "CollectionViewExample" */ = {
			isa = XCConfigurationList;
			buildConfigurations = (
				CCBBC18E1E9A079500D9CC3C /* Debug */,
				CCBBC18F1E9A079500D9CC3C /* Release */,
			);
			defaultConfigurationIsVisible = 0;
			defaultConfigurationName = Release;
		};
/* End XCConfigurationList section */
	};
	rootObject = CCBBC1731E9A079400D9CC3C /* Project object */;
}
