// !$*UTF8*$!
{
	archiveVersion = 1;
	classes = {
	};
	objectVersion = 46;
	objects = {

/* Begin PBXBuildFile section */
		9CC752B51E6CDD5800EFC042 /* AppDelegate.swift in Sources */ = {isa = PBXBuildFile; fileRef = 9CC752B41E6CDD5800EFC042 /* AppDelegate.swift */; };
		9CC752B71E6CDD5800EFC042 /* ViewController.swift in Sources */ = {isa = PBXBuildFile; fileRef = 9CC752B61E6CDD5800EFC042 /* ViewController.swift */; };
		9CC752BA1E6CDD5800EFC042 /* Main.storyboard in Resources */ = {isa = PBXBuildFile; fileRef = 9CC752B81E6CDD5800EFC042 /* Main.storyboard */; };
		9CC752BC1E6CDD5800EFC042 /* Assets.xcassets in Resources */ = {isa = PBXBuildFile; fileRef = 9CC752BB1E6CDD5800EFC042 /* Assets.xcassets */; };
		9CC752BF1E6CDD5800EFC042 /* LaunchScreen.storyboard in Resources */ = {isa = PBXBuildFile; fileRef = 9CC752BD1E6CDD5800EFC042 /* LaunchScreen.storyboard */; };
		9CC752C71E6CE60E00EFC042 /* SecondImageViewController.swift in Sources */ = {isa = PBXBuildFile; fileRef = 9CC752C61E6CE60E00EFC042 /* SecondImageViewController.swift */; };
/* End PBXBuildFile section */

/* Begin PBXFileReference section */
		9CC752B11E6CDD5700EFC042 /* ImageViewExercise.app */ = {isa = PBXFileReference; explicitFileType = wrapper.application; includeInIndex = 0; path = ImageViewExercise.app; sourceTree = BUILT_PRODUCTS_DIR; };
		9CC752B41E6CDD5800EFC042 /* AppDelegate.swift */ = {isa = PBXFileReference; lastKnownFileType = sourcecode.swift; path = AppDelegate.swift; sourceTree = "<group>"; };
		9CC752B61E6CDD5800EFC042 /* ViewController.swift */ = {isa = PBXFileReference; lastKnownFileType = sourcecode.swift; path = ViewController.swift; sourceTree = "<group>"; };
		9CC752B91E6CDD5800EFC042 /* Base */ = {isa = PBXFileReference; lastKnownFileType = file.storyboard; name = Base; path = Base.lproj/Main.storyboard; sourceTree = "<group>"; };
		9CC752BB1E6CDD5800EFC042 /* Assets.xcassets */ = {isa = PBXFileReference; lastKnownFileType = folder.assetcatalog; path = Assets.xcassets; sourceTree = "<group>"; };
		9CC752BE1E6CDD5800EFC042 /* Base */ = {isa = PBXFileReference; lastKnownFileType = file.storyboard; name = Base; path = Base.lproj/LaunchScreen.storyboard; sourceTree = "<group>"; };
		9CC752C01E6CDD5800EFC042 /* Info.plist */ = {isa = PBXFileReference; lastKnownFileType = text.plist.xml; path = Info.plist; sourceTree = "<group>"; };
		9CC752C61E6CE60E00EFC042 /* SecondImageViewController.swift */ = {isa = PBXFileReference; fileEncoding = 4; lastKnownFileType = sourcecode.swift; path = SecondImageViewController.swift; sourceTree = "<group>"; };
/* End PBXFileReference section */

/* Begin PBXFrameworksBuildPhase section */
		9CC752AE1E6CDD5700EFC042 /* Frameworks */ = {
			isa = PBXFrameworksBuildPhase;
			buildActionMask = 2147483647;
			files = (
			);
			runOnlyForDeploymentPostprocessing = 0;
		};
/* End PBXFrameworksBuildPhase section */

/* Begin PBXGroup section */
		9CC752A81E6CDD5700EFC042 = {
			isa = PBXGroup;
			children = (
				9CC752B31E6CDD5700EFC042 /* ImageViewExercise */,
				9CC752B21E6CDD5700EFC042 /* Products */,
			);
			sourceTree = "<group>";
		};
		9CC752B21E6CDD5700EFC042 /* Products */ = {
			isa = PBXGroup;
			children = (
				9CC752B11E6CDD5700EFC042 /* ImageViewExercise.app */,
			);
			name = Products;
			sourceTree = "<group>";
		};
		9CC752B31E6CDD5700EFC042 /* ImageViewExercise */ = {
			isa = PBXGroup;
			children = (
				9CC752B41E6CDD5800EFC042 /* AppDelegate.swift */,
				9CC752B81E6CDD5800EFC042 /* Main.storyboard */,
				9CC752C61E6CE60E00EFC042 /* SecondImageViewController.swift */,
				9CC752BB1E6CDD5800EFC042 /* Assets.xcassets */,
				9CC752BD1E6CDD5800EFC042 /* LaunchScreen.storyboard */,
				9CC752C01E6CDD5800EFC042 /* Info.plist */,
				9CC752B61E6CDD5800EFC042 /* ViewController.swift */,
			);
			path = ImageViewExercise;
			sourceTree = "<group>";
		};
/* End PBXGroup section */

/* Begin PBXNativeTarget section */
		9CC752B01E6CDD5700EFC042 /* ImageViewExercise */ = {
			isa = PBXNativeTarget;
			buildConfigurationList = 9CC752C31E6CDD5800EFC042 /* Build configuration list for PBXNativeTarget "ImageViewExercise" */;
			buildPhases = (
				9CC752AD1E6CDD5700EFC042 /* Sources */,
				9CC752AE1E6CDD5700EFC042 /* Frameworks */,
				9CC752AF1E6CDD5700EFC042 /* Resources */,
			);
			buildRules = (
			);
			dependencies = (
			);
			name = ImageViewExercise;
			productName = ImageViewExercise;
			productReference = 9CC752B11E6CDD5700EFC042 /* ImageViewExercise.app */;
			productType = "com.apple.product-type.application";
		};
/* End PBXNativeTarget section */

/* Begin PBXProject section */
		9CC752A91E6CDD5700EFC042 /* Project object */ = {
			isa = PBXProject;
			attributes = {
				LastSwiftUpdateCheck = 0820;
				LastUpgradeCheck = 0820;
				ORGANIZATIONNAME = "Hyeonseok Bang";
				TargetAttributes = {
					9CC752B01E6CDD5700EFC042 = {
						CreatedOnToolsVersion = 8.2.1;
						DevelopmentTeam = V76W3QYM89;
						ProvisioningStyle = Automatic;
					};
				};
			};
			buildConfigurationList = 9CC752AC1E6CDD5700EFC042 /* Build configuration list for PBXProject "ImageViewExercise" */;
			compatibilityVersion = "Xcode 3.2";
			developmentRegion = English;
			hasScannedForEncodings = 0;
			knownRegions = (
				en,
				Base,
			);
			mainGroup = 9CC752A81E6CDD5700EFC042;
			productRefGroup = 9CC752B21E6CDD5700EFC042 /* Products */;
			projectDirPath = "";
			projectRoot = "";
			targets = (
				9CC752B01E6CDD5700EFC042 /* ImageViewExercise */,
			);
		};
/* End PBXProject section */

/* Begin PBXResourcesBuildPhase section */
		9CC752AF1E6CDD5700EFC042 /* Resources */ = {
			isa = PBXResourcesBuildPhase;
			buildActionMask = 2147483647;
			files = (
				9CC752BF1E6CDD5800EFC042 /* LaunchScreen.storyboard in Resources */,
				9CC752BC1E6CDD5800EFC042 /* Assets.xcassets in Resources */,
				9CC752BA1E6CDD5800EFC042 /* Main.storyboard in Resources */,
			);
			runOnlyForDeploymentPostprocessing = 0;
		};
/* End PBXResourcesBuildPhase section */

/* Begin PBXSourcesBuildPhase section */
		9CC752AD1E6CDD5700EFC042 /* Sources */ = {
			isa = PBXSourcesBuildPhase;
			buildActionMask = 2147483647;
			files = (
				9CC752B71E6CDD5800EFC042 /* ViewController.swift in Sources */,
				9CC752C71E6CE60E00EFC042 /* SecondImageViewController.swift in Sources */,
				9CC752B51E6CDD5800EFC042 /* AppDelegate.swift in Sources */,
			);
			runOnlyForDeploymentPostprocessing = 0;
		};
/* End PBXSourcesBuildPhase section */

/* Begin PBXVariantGroup section */
		9CC752B81E6CDD5800EFC042 /* Main.storyboard */ = {
			isa = PBXVariantGroup;
			children = (
				9CC752B91E6CDD5800EFC042 /* Base */,
			);
			name = Main.storyboard;
			sourceTree = "<group>";
		};
		9CC752BD1E6CDD5800EFC042 /* LaunchScreen.storyboard */ = {
			isa = PBXVariantGroup;
			children = (
				9CC752BE1E6CDD5800EFC042 /* Base */,
			);
			name = LaunchScreen.storyboard;
			sourceTree = "<group>";
		};
/* End PBXVariantGroup section */

/* Begin XCBuildConfiguration section */
		9CC752C11E6CDD5800EFC042 /* Debug */ = {
			isa = XCBuildConfiguration;
			buildSettings = {
				ALWAYS_SEARCH_USER_PATHS = NO;
				CLANG_ANALYZER_NONNULL = YES;
				CLANG_CXX_LANGUAGE_STANDARD = "gnu++0x";
				CLANG_CXX_LIBRARY = "libc++";
				CLANG_ENABLE_MODULES = YES;
				CLANG_ENABLE_OBJC_ARC = YES;
				CLANG_WARN_BOOL_CONVERSION = YES;
				CLANG_WARN_CONSTANT_CONVERSION = YES;
				CLANG_WARN_DIRECT_OBJC_ISA_USAGE = YES_ERROR;
				CLANG_WARN_DOCUMENTATION_COMMENTS = YES;
				CLANG_WARN_EMPTY_BODY = YES;
				CLANG_WARN_ENUM_CONVERSION = YES;
				CLANG_WARN_INFINITE_RECURSION = YES;
				CLANG_WARN_INT_CONVERSION = YES;
				CLANG_WARN_OBJC_ROOT_CLASS = YES_ERROR;
				CLANG_WARN_SUSPICIOUS_MOVE = YES;
				CLANG_WARN_UNREACHABLE_CODE = YES;
				CLANG_WARN__DUPLICATE_METHOD_MATCH = YES;
				"CODE_SIGN_IDENTITY[sdk=iphoneos*]" = "iPhone Developer";
				COPY_PHASE_STRIP = NO;
				DEBUG_INFORMATION_FORMAT = dwarf;
				ENABLE_STRICT_OBJC_MSGSEND = YES;
				ENABLE_TESTABILITY = YES;
				GCC_C_LANGUAGE_STANDARD = gnu99;
				GCC_DYNAMIC_NO_PIC = NO;
				GCC_NO_COMMON_BLOCKS = YES;
				GCC_OPTIMIZATION_LEVEL = 0;
				GCC_PREPROCESSOR_DEFINITIONS = (
					"DEBUG=1",
					"$(inherited)",
				);
				GCC_WARN_64_TO_32_BIT_CONVERSION = YES;
				GCC_WARN_ABOUT_RETURN_TYPE = YES_ERROR;
				GCC_WARN_UNDECLARED_SELECTOR = YES;
				GCC_WARN_UNINITIALIZED_AUTOS = YES_AGGRESSIVE;
				GCC_WARN_UNUSED_FUNCTION = YES;
				GCC_WARN_UNUSED_VARIABLE = YES;
				IPHONEOS_DEPLOYMENT_TARGET = 10.2;
				MTL_ENABLE_DEBUG_INFO = YES;
				ONLY_ACTIVE_ARCH = YES;
				SDKROOT = iphoneos;
				SWIFT_ACTIVE_COMPILATION_CONDITIONS = DEBUG;
				SWIFT_OPTIMIZATION_LEVEL = "-Onone";
			};
			name = Debug;
		};
		9CC752C21E6CDD5800EFC042 /* Release */ = {
			isa = XCBuildConfiguration;
			buildSettings = {
				ALWAYS_SEARCH_USER_PATHS = NO;
				CLANG_ANALYZER_NONNULL = YES;
				CLANG_CXX_LANGUAGE_STANDARD = "gnu++0x";
				CLANG_CXX_LIBRARY = "libc++";
				CLANG_ENABLE_MODULES = YES;
				CLANG_ENABLE_OBJC_ARC = YES;
				CLANG_WARN_BOOL_CONVERSION = YES;
				CLANG_WARN_CONSTANT_CONVERSION = YES;
				CLANG_WARN_DIRECT_OBJC_ISA_USAGE = YES_ERROR;
				CLANG_WARN_DOCUMENTATION_COMMENTS = YES;
				CLANG_WARN_EMPTY_BODY = YES;
				CLANG_WARN_ENUM_CONVERSION = YES;
				CLANG_WARN_INFINITE_RECURSION = YES;
				CLANG_WARN_INT_CONVERSION = YES;
				CLANG_WARN_OBJC_ROOT_CLASS = YES_ERROR;
				CLANG_WARN_SUSPICIOUS_MOVE = YES;
				CLANG_WARN_UNREACHABLE_CODE = YES;
				CLANG_WARN__DUPLICATE_METHOD_MATCH = YES;
				"CODE_SIGN_IDENTITY[sdk=iphoneos*]" = "iPhone Developer";
				COPY_PHASE_STRIP = NO;
				DEBUG_INFORMATION_FORMAT = "dwarf-with-dsym";
				ENABLE_NS_ASSERTIONS = NO;
				ENABLE_STRICT_OBJC_MSGSEND = YES;
				GCC_C_LANGUAGE_STANDARD = gnu99;
				GCC_NO_COMMON_BLOCKS = YES;
				GCC_WARN_64_TO_32_BIT_CONVERSION = YES;
				GCC_WARN_ABOUT_RETURN_TYPE = YES_ERROR;
				GCC_WARN_UNDECLARED_SELECTOR = YES;
				GCC_WARN_UNINITIALIZED_AUTOS = YES_AGGRESSIVE;
				GCC_WARN_UNUSED_FUNCTION = YES;
				GCC_WARN_UNUSED_VARIABLE = YES;
				IPHONEOS_DEPLOYMENT_TARGET = 10.2;
				MTL_ENABLE_DEBUG_INFO = NO;
				SDKROOT = iphoneos;
				SWIFT_OPTIMIZATION_LEVEL = "-Owholemodule";
				VALIDATE_PRODUCT = YES;
			};
			name = Release;
		};
		9CC752C41E6CDD5800EFC042 /* Debug */ = {
			isa = XCBuildConfiguration;
			buildSettings = {
				ASSETCATALOG_COMPILER_APPICON_NAME = AppIcon;
				DEVELOPMENT_TEAM = V76W3QYM89;
				INFOPLIST_FILE = ImageViewExercise/Info.plist;
				IPHONEOS_DEPLOYMENT_TARGET = 10.2;
				LD_RUNPATH_SEARCH_PATHS = "$(inherited) @executable_path/Frameworks";
				PRODUCT_BUNDLE_IDENTIFIER = com.example.ImageViewExercise;
				PRODUCT_NAME = "$(TARGET_NAME)";
				SWIFT_VERSION = 3.0;
			};
			name = Debug;
		};
		9CC752C51E6CDD5800EFC042 /* Release */ = {
			isa = XCBuildConfiguration;
			buildSettings = {
				ASSETCATALOG_COMPILER_APPICON_NAME = AppIcon;
				DEVELOPMENT_TEAM = V76W3QYM89;
				INFOPLIST_FILE = ImageViewExercise/Info.plist;
				IPHONEOS_DEPLOYMENT_TARGET = 10.2;
				LD_RUNPATH_SEARCH_PATHS = "$(inherited) @executable_path/Frameworks";
				PRODUCT_BUNDLE_IDENTIFIER = com.example.ImageViewExercise;
				PRODUCT_NAME = "$(TARGET_NAME)";
				SWIFT_VERSION = 3.0;
			};
			name = Release;
		};
/* End XCBuildConfiguration section */

/* Begin XCConfigurationList section */
		9CC752AC1E6CDD5700EFC042 /* Build configuration list for PBXProject "ImageViewExercise" */ = {
			isa = XCConfigurationList;
			buildConfigurations = (
				9CC752C11E6CDD5800EFC042 /* Debug */,
				9CC752C21E6CDD5800EFC042 /* Release */,
			);
			defaultConfigurationIsVisible = 0;
			defaultConfigurationName = Release;
		};
		9CC752C31E6CDD5800EFC042 /* Build configuration list for PBXNativeTarget "ImageViewExercise" */ = {
			isa = XCConfigurationList;
			buildConfigurations = (
				9CC752C41E6CDD5800EFC042 /* Debug */,
				9CC752C51E6CDD5800EFC042 /* Release */,
			);
			defaultConfigurationIsVisible = 0;
		};
/* End XCConfigurationList section */
	};
	rootObject = 9CC752A91E6CDD5700EFC042 /* Project object */;
}
