// !$*UTF8*$!
{
	archiveVersion = 1;
	classes = {
	};
	objectVersion = 46;
	objects = {

/* Begin PBXBuildFile section */
		9C21DA511E75564F00B41156 /* AppDelegate.swift in Sources */ = {isa = PBXBuildFile; fileRef = 9C21DA501E75564F00B41156 /* AppDelegate.swift */; };
		9C21DA531E75564F00B41156 /* ViewController.swift in Sources */ = {isa = PBXBuildFile; fileRef = 9C21DA521E75564F00B41156 /* ViewController.swift */; };
		9C21DA561E75564F00B41156 /* Main.storyboard in Resources */ = {isa = PBXBuildFile; fileRef = 9C21DA541E75564F00B41156 /* Main.storyboard */; };
		9C21DA581E75564F00B41156 /* Assets.xcassets in Resources */ = {isa = PBXBuildFile; fileRef = 9C21DA571E75564F00B41156 /* Assets.xcassets */; };
		9C21DA5B1E75564F00B41156 /* LaunchScreen.storyboard in Resources */ = {isa = PBXBuildFile; fileRef = 9C21DA591E75564F00B41156 /* LaunchScreen.storyboard */; };
/* End PBXBuildFile section */

/* Begin PBXFileReference section */
		9C21DA4D1E75564F00B41156 /* ButtonExample.app */ = {isa = PBXFileReference; explicitFileType = wrapper.application; includeInIndex = 0; path = ButtonExample.app; sourceTree = BUILT_PRODUCTS_DIR; };
		9C21DA501E75564F00B41156 /* AppDelegate.swift */ = {isa = PBXFileReference; lastKnownFileType = sourcecode.swift; path = AppDelegate.swift; sourceTree = "<group>"; };
		9C21DA521E75564F00B41156 /* ViewController.swift */ = {isa = PBXFileReference; lastKnownFileType = sourcecode.swift; path = ViewController.swift; sourceTree = "<group>"; };
		9C21DA551E75564F00B41156 /* Base */ = {isa = PBXFileReference; lastKnownFileType = file.storyboard; name = Base; path = Base.lproj/Main.storyboard; sourceTree = "<group>"; };
		9C21DA571E75564F00B41156 /* Assets.xcassets */ = {isa = PBXFileReference; lastKnownFileType = folder.assetcatalog; path = Assets.xcassets; sourceTree = "<group>"; };
		9C21DA5A1E75564F00B41156 /* Base */ = {isa = PBXFileReference; lastKnownFileType = file.storyboard; name = Base; path = Base.lproj/LaunchScreen.storyboard; sourceTree = "<group>"; };
		9C21DA5C1E75564F00B41156 /* Info.plist */ = {isa = PBXFileReference; lastKnownFileType = text.plist.xml; path = Info.plist; sourceTree = "<group>"; };
/* End PBXFileReference section */

/* Begin PBXFrameworksBuildPhase section */
		9C21DA4A1E75564F00B41156 /* Frameworks */ = {
			isa = PBXFrameworksBuildPhase;
			buildActionMask = 2147483647;
			files = (
			);
			runOnlyForDeploymentPostprocessing = 0;
		};
/* End PBXFrameworksBuildPhase section */

/* Begin PBXGroup section */
		9C21DA441E75564F00B41156 = {
			isa = PBXGroup;
			children = (
				9C21DA4F1E75564F00B41156 /* ButtonExample */,
				9C21DA4E1E75564F00B41156 /* Products */,
			);
			sourceTree = "<group>";
		};
		9C21DA4E1E75564F00B41156 /* Products */ = {
			isa = PBXGroup;
			children = (
				9C21DA4D1E75564F00B41156 /* ButtonExample.app */,
			);
			name = Products;
			sourceTree = "<group>";
		};
		9C21DA4F1E75564F00B41156 /* ButtonExample */ = {
			isa = PBXGroup;
			children = (
				9C21DA501E75564F00B41156 /* AppDelegate.swift */,
				9C21DA521E75564F00B41156 /* ViewController.swift */,
				9C21DA541E75564F00B41156 /* Main.storyboard */,
				9C21DA571E75564F00B41156 /* Assets.xcassets */,
				9C21DA591E75564F00B41156 /* LaunchScreen.storyboard */,
				9C21DA5C1E75564F00B41156 /* Info.plist */,
			);
			path = ButtonExample;
			sourceTree = "<group>";
		};
/* End PBXGroup section */

/* Begin PBXNativeTarget section */
		9C21DA4C1E75564F00B41156 /* ButtonExample */ = {
			isa = PBXNativeTarget;
			buildConfigurationList = 9C21DA5F1E75564F00B41156 /* Build configuration list for PBXNativeTarget "ButtonExample" */;
			buildPhases = (
				9C21DA491E75564F00B41156 /* Sources */,
				9C21DA4A1E75564F00B41156 /* Frameworks */,
				9C21DA4B1E75564F00B41156 /* Resources */,
			);
			buildRules = (
			);
			dependencies = (
			);
			name = ButtonExample;
			productName = ButtonExample;
			productReference = 9C21DA4D1E75564F00B41156 /* ButtonExample.app */;
			productType = "com.apple.product-type.application";
		};
/* End PBXNativeTarget section */

/* Begin PBXProject section */
		9C21DA451E75564F00B41156 /* Project object */ = {
			isa = PBXProject;
			attributes = {
				LastSwiftUpdateCheck = 0820;
				LastUpgradeCheck = 0820;
				ORGANIZATIONNAME = "Hyeonseok Bang";
				TargetAttributes = {
					9C21DA4C1E75564F00B41156 = {
						CreatedOnToolsVersion = 8.2.1;
						DevelopmentTeam = V76W3QYM89;
						ProvisioningStyle = Automatic;
					};
				};
			};
			buildConfigurationList = 9C21DA481E75564F00B41156 /* Build configuration list for PBXProject "ButtonExample" */;
			compatibilityVersion = "Xcode 3.2";
			developmentRegion = English;
			hasScannedForEncodings = 0;
			knownRegions = (
				en,
				Base,
			);
			mainGroup = 9C21DA441E75564F00B41156;
			productRefGroup = 9C21DA4E1E75564F00B41156 /* Products */;
			projectDirPath = "";
			projectRoot = "";
			targets = (
				9C21DA4C1E75564F00B41156 /* ButtonExample */,
			);
		};
/* End PBXProject section */

/* Begin PBXResourcesBuildPhase section */
		9C21DA4B1E75564F00B41156 /* Resources */ = {
			isa = PBXResourcesBuildPhase;
			buildActionMask = 2147483647;
			files = (
				9C21DA5B1E75564F00B41156 /* LaunchScreen.storyboard in Resources */,
				9C21DA581E75564F00B41156 /* Assets.xcassets in Resources */,
				9C21DA561E75564F00B41156 /* Main.storyboard in Resources */,
			);
			runOnlyForDeploymentPostprocessing = 0;
		};
/* End PBXResourcesBuildPhase section */

/* Begin PBXSourcesBuildPhase section */
		9C21DA491E75564F00B41156 /* Sources */ = {
			isa = PBXSourcesBuildPhase;
			buildActionMask = 2147483647;
			files = (
				9C21DA531E75564F00B41156 /* ViewController.swift in Sources */,
				9C21DA511E75564F00B41156 /* AppDelegate.swift in Sources */,
			);
			runOnlyForDeploymentPostprocessing = 0;
		};
/* End PBXSourcesBuildPhase section */

/* Begin PBXVariantGroup section */
		9C21DA541E75564F00B41156 /* Main.storyboard */ = {
			isa = PBXVariantGroup;
			children = (
				9C21DA551E75564F00B41156 /* Base */,
			);
			name = Main.storyboard;
			sourceTree = "<group>";
		};
		9C21DA591E75564F00B41156 /* LaunchScreen.storyboard */ = {
			isa = PBXVariantGroup;
			children = (
				9C21DA5A1E75564F00B41156 /* Base */,
			);
			name = LaunchScreen.storyboard;
			sourceTree = "<group>";
		};
/* End PBXVariantGroup section */

/* Begin XCBuildConfiguration section */
		9C21DA5D1E75564F00B41156 /* Debug */ = {
			isa = XCBuildConfiguration;
			buildSettings = {
				ALWAYS_SEARCH_USER_PATHS = NO;
				CLANG_ANALYZER_NONNULL = YES;
				CLANG_CXX_LANGUAGE_STANDARD = "gnu++0x";
				CLANG_CXX_LIBRARY = "libc++";
				CLANG_ENABLE_MODULES = YES;
				CLANG_ENABLE_OBJC_ARC = YES;
				CLANG_WARN_BOOL_CONVERSION = YES;
				CLANG_WARN_CONSTANT_CONVERSION = YES;
				CLANG_WARN_DIRECT_OBJC_ISA_USAGE = YES_ERROR;
				CLANG_WARN_DOCUMENTATION_COMMENTS = YES;
				CLANG_WARN_EMPTY_BODY = YES;
				CLANG_WARN_ENUM_CONVERSION = YES;
				CLANG_WARN_INFINITE_RECURSION = YES;
				CLANG_WARN_INT_CONVERSION = YES;
				CLANG_WARN_OBJC_ROOT_CLASS = YES_ERROR;
				CLANG_WARN_SUSPICIOUS_MOVE = YES;
				CLANG_WARN_UNREACHABLE_CODE = YES;
				CLANG_WARN__DUPLICATE_METHOD_MATCH = YES;
				"CODE_SIGN_IDENTITY[sdk=iphoneos*]" = "iPhone Developer";
				COPY_PHASE_STRIP = NO;
				DEBUG_INFORMATION_FORMAT = dwarf;
				ENABLE_STRICT_OBJC_MSGSEND = YES;
				ENABLE_TESTABILITY = YES;
				GCC_C_LANGUAGE_STANDARD = gnu99;
				GCC_DYNAMIC_NO_PIC = NO;
				GCC_NO_COMMON_BLOCKS = YES;
				GCC_OPTIMIZATION_LEVEL = 0;
				GCC_PREPROCESSOR_DEFINITIONS = (
					"DEBUG=1",
					"$(inherited)",
				);
				GCC_WARN_64_TO_32_BIT_CONVERSION = YES;
				GCC_WARN_ABOUT_RETURN_TYPE = YES_ERROR;
				GCC_WARN_UNDECLARED_SELECTOR = YES;
				GCC_WARN_UNINITIALIZED_AUTOS = YES_AGGRESSIVE;
				GCC_WARN_UNUSED_FUNCTION = YES;
				GCC_WARN_UNUSED_VARIABLE = YES;
				IPHONEOS_DEPLOYMENT_TARGET = 10.2;
				MTL_ENABLE_DEBUG_INFO = YES;
				ONLY_ACTIVE_ARCH = YES;
				SDKROOT = iphoneos;
				SWIFT_ACTIVE_COMPILATION_CONDITIONS = DEBUG;
				SWIFT_OPTIMIZATION_LEVEL = "-Onone";
			};
			name = Debug;
		};
		9C21DA5E1E75564F00B41156 /* Release */ = {
			isa = XCBuildConfiguration;
			buildSettings = {
				ALWAYS_SEARCH_USER_PATHS = NO;
				CLANG_ANALYZER_NONNULL = YES;
				CLANG_CXX_LANGUAGE_STANDARD = "gnu++0x";
				CLANG_CXX_LIBRARY = "libc++";
				CLANG_ENABLE_MODULES = YES;
				CLANG_ENABLE_OBJC_ARC = YES;
				CLANG_WARN_BOOL_CONVERSION = YES;
				CLANG_WARN_CONSTANT_CONVERSION = YES;
				CLANG_WARN_DIRECT_OBJC_ISA_USAGE = YES_ERROR;
				CLANG_WARN_DOCUMENTATION_COMMENTS = YES;
				CLANG_WARN_EMPTY_BODY = YES;
				CLANG_WARN_ENUM_CONVERSION = YES;
				CLANG_WARN_INFINITE_RECURSION = YES;
				CLANG_WARN_INT_CONVERSION = YES;
				CLANG_WARN_OBJC_ROOT_CLASS = YES_ERROR;
				CLANG_WARN_SUSPICIOUS_MOVE = YES;
				CLANG_WARN_UNREACHABLE_CODE = YES;
				CLANG_WARN__DUPLICATE_METHOD_MATCH = YES;
				"CODE_SIGN_IDENTITY[sdk=iphoneos*]" = "iPhone Developer";
				COPY_PHASE_STRIP = NO;
				DEBUG_INFORMATION_FORMAT = "dwarf-with-dsym";
				ENABLE_NS_ASSERTIONS = NO;
				ENABLE_STRICT_OBJC_MSGSEND = YES;
				GCC_C_LANGUAGE_STANDARD = gnu99;
				GCC_NO_COMMON_BLOCKS = YES;
				GCC_WARN_64_TO_32_BIT_CONVERSION = YES;
				GCC_WARN_ABOUT_RETURN_TYPE = YES_ERROR;
				GCC_WARN_UNDECLARED_SELECTOR = YES;
				GCC_WARN_UNINITIALIZED_AUTOS = YES_AGGRESSIVE;
				GCC_WARN_UNUSED_FUNCTION = YES;
				GCC_WARN_UNUSED_VARIABLE = YES;
				IPHONEOS_DEPLOYMENT_TARGET = 10.2;
				MTL_ENABLE_DEBUG_INFO = NO;
				SDKROOT = iphoneos;
				SWIFT_OPTIMIZATION_LEVEL = "-Owholemodule";
				VALIDATE_PRODUCT = YES;
			};
			name = Release;
		};
		9C21DA601E75564F00B41156 /* Debug */ = {
			isa = XCBuildConfiguration;
			buildSettings = {
				ASSETCATALOG_COMPILER_APPICON_NAME = AppIcon;
				DEVELOPMENT_TEAM = V76W3QYM89;
				INFOPLIST_FILE = ButtonExample/Info.plist;
				IPHONEOS_DEPLOYMENT_TARGET = 9.0;
				LD_RUNPATH_SEARCH_PATHS = "$(inherited) @executable_path/Frameworks";
				PRODUCT_BUNDLE_IDENTIFIER = com.example.ButtonExample;
				PRODUCT_NAME = "$(TARGET_NAME)";
				SWIFT_VERSION = 3.0;
			};
			name = Debug;
		};
		9C21DA611E75564F00B41156 /* Release */ = {
			isa = XCBuildConfiguration;
			buildSettings = {
				ASSETCATALOG_COMPILER_APPICON_NAME = AppIcon;
				DEVELOPMENT_TEAM = V76W3QYM89;
				INFOPLIST_FILE = ButtonExample/Info.plist;
				IPHONEOS_DEPLOYMENT_TARGET = 9.0;
				LD_RUNPATH_SEARCH_PATHS = "$(inherited) @executable_path/Frameworks";
				PRODUCT_BUNDLE_IDENTIFIER = com.example.ButtonExample;
				PRODUCT_NAME = "$(TARGET_NAME)";
				SWIFT_VERSION = 3.0;
			};
			name = Release;
		};
/* End XCBuildConfiguration section */

/* Begin XCConfigurationList section */
		9C21DA481E75564F00B41156 /* Build configuration list for PBXProject "ButtonExample" */ = {
			isa = XCConfigurationList;
			buildConfigurations = (
				9C21DA5D1E75564F00B41156 /* Debug */,
				9C21DA5E1E75564F00B41156 /* Release */,
			);
			defaultConfigurationIsVisible = 0;
			defaultConfigurationName = Release;
		};
		9C21DA5F1E75564F00B41156 /* Build configuration list for PBXNativeTarget "ButtonExample" */ = {
			isa = XCConfigurationList;
			buildConfigurations = (
				9C21DA601E75564F00B41156 /* Debug */,
				9C21DA611E75564F00B41156 /* Release */,
			);
			defaultConfigurationIsVisible = 0;
		};
/* End XCConfigurationList section */
	};
	rootObject = 9C21DA451E75564F00B41156 /* Project object */;
}
